{
  "name": "lenster",
  "version": "1.0.7-beta",
  "lockfileVersion": 1,
  "requires": true,
  "dependencies": {
    "husky": {
      "version": "8.0.3",
      "resolved": "https://registry.npmjs.org/husky/-/husky-8.0.3.tgz",
      "integrity": "sha512-+dQSyqPh4x1hlO1swXBiNb2HzTDN1I2IGLQx1GrBuiqFJfoMrnZWwVmatvSiO+Iz8fBUnf+lekwNo4c2LlXItg==",
      "dev": true
    },
    "prettier": {
      "version": "2.8.4",
      "resolved": "https://registry.npmjs.org/prettier/-/prettier-2.8.4.tgz",
      "integrity": "sha512-vIS4Rlc2FNh0BySk3Wkd6xmwxB0FpOndW5fisM5H8hsZSxU2VWVB5CWIkIjWvrHjIhxk2g3bfMKM87zNTrZddw==",
      "dev": true
    },
    "turbo": {
      "version": "1.8.3",
      "resolved": "https://registry.npmjs.org/turbo/-/turbo-1.8.3.tgz",
      "integrity": "sha512-zGrkU1EuNFmkq6iky6LcMqD4h0OLE8XysVFxQWRIZbcTNnf0XAycbsbeEyiJpiWeqb7qtg2bVuY9EYcNoNhVuQ==",
      "dev": true,
      "requires": {
        "turbo-darwin-64": "1.8.3",
        "turbo-darwin-arm64": "1.8.3",
        "turbo-linux-64": "1.8.3",
        "turbo-linux-arm64": "1.8.3",
        "turbo-windows-64": "1.8.3",
        "turbo-windows-arm64": "1.8.3"
      }
    },
    "turbo-darwin-64": {
      "version": "1.8.3",
      "resolved": "https://registry.npmjs.org/turbo-darwin-64/-/turbo-darwin-64-1.8.3.tgz",
      "integrity": "sha512-bLM084Wr17VAAY/EvCWj7+OwYHvI9s/NdsvlqGp8iT5HEYVimcornCHespgJS/yvZDfC+mX9EQkn3V2JmYgGGw==",
      "dev": true,
      "optional": true
    },
    "turbo-darwin-arm64": {
      "version": "1.8.3",
      "resolved": "https://registry.npmjs.org/turbo-darwin-arm64/-/turbo-darwin-arm64-1.8.3.tgz",
      "integrity": "sha512-4oZjXtzakopMK110kue3z/hqu3WLv+eDLZOX1NGdo49gqca9BeD8GbH+sXpAp6tqyeuzpss+PIliVYuyt7LgbA==",
      "dev": true,
      "optional": true
    },
    "turbo-linux-64": {
      "version": "1.8.3",
      "resolved": "https://registry.npmjs.org/turbo-linux-64/-/turbo-linux-64-1.8.3.tgz",
      "integrity": "sha512-uvX2VKotf5PU14FCxJA5iHItPQno2JWzerMd+g3/h/Asay6dvxvtVjc39MQeGT0H5njSvzVKFkT+3/5q8lgOEg==",
      "dev": true,
      "optional": true
    },
    "turbo-linux-arm64": {
      "version": "1.8.3",
      "resolved": "https://registry.npmjs.org/turbo-linux-arm64/-/turbo-linux-arm64-1.8.3.tgz",
      "integrity": "sha512-E1p+oH3XKMaPS4rqWhYsL4j2Pzc0d/9P5KU7Kn1kqVLo2T3iRA7n2KVULEieUNE0nTH+aIJPXYXOpqCI5wFJaA==",
      "dev": true,
      "optional": true
    },
    "turbo-windows-64": {
      "version": "1.8.3",
      "resolved": "https://registry.npmjs.org/turbo-windows-64/-/turbo-windows-64-1.8.3.tgz",
      "integrity": "sha512-cnzAytHtoLXd0J7aNzRpZFpL/GTjcBmkvAPlbOdf/Pl1iwS4qzGrudZQ+OM1lmLgLIfBPIavsGHBknTwTNib4A==",
      "dev": true,
      "optional": true
    },
    "turbo-windows-arm64": {
      "version": "1.8.3",
      "resolved": "https://registry.npmjs.org/turbo-windows-arm64/-/turbo-windows-arm64-1.8.3.tgz",
      "integrity": "sha512-ulIiItNm2w/zYJdD5/oAzjzNns1IjbpweRzpsE8tLXaWwo6+fnXXkyloUug0IUhcd2k6fJXfoiDZfygqpOVuXg==",
      "dev": true,
      "optional": true
    },
    "@next/swc-android-arm-eabi": {
      "version": "13.2.3",
      "resolved": "https://registry.npmjs.org/@next/swc-android-arm-eabi/-/swc-android-arm-eabi-13.2.3.tgz",
      "integrity": "sha512-mykdVaAXX/gm+eFO2kPeVjnOCKwanJ9mV2U0lsUGLrEdMUifPUjiXKc6qFAIs08PvmTMOLMNnUxqhGsJlWGKSw==",
      "optional": true
    },
    "@next/swc-android-arm64": {
      "version": "13.2.3",
      "resolved": "https://registry.npmjs.org/@next/swc-android-arm64/-/swc-android-arm64-13.2.3.tgz",
      "integrity": "sha512-8XwHPpA12gdIFtope+n9xCtJZM3U4gH4vVTpUwJ2w1kfxFmCpwQ4xmeGSkR67uOg80yRMuF0h9V1ueo05sws5w==",
      "optional": true
    },
    "@next/swc-darwin-arm64": {
      "version": "13.2.3",
      "resolved": "https://registry.npmjs.org/@next/swc-darwin-arm64/-/swc-darwin-arm64-13.2.3.tgz",
      "integrity": "sha512-TXOubiFdLpMfMtaRu1K5d1I9ipKbW5iS2BNbu8zJhoqrhk3Kp7aRKTxqFfWrbliAHhWVE/3fQZUYZOWSXVQi1w==",
      "optional": true
    },
    "@next/swc-darwin-x64": {
      "version": "13.2.3",
      "resolved": "https://registry.npmjs.org/@next/swc-darwin-x64/-/swc-darwin-x64-13.2.3.tgz",
      "integrity": "sha512-GZctkN6bJbpjlFiS5pylgB2pifHvgkqLAPumJzxnxkf7kqNm6rOGuNjsROvOWVWXmKhrzQkREO/WPS2aWsr/yw==",
      "optional": true
    },
    "@next/swc-freebsd-x64": {
      "version": "13.2.3",
      "resolved": "https://registry.npmjs.org/@next/swc-freebsd-x64/-/swc-freebsd-x64-13.2.3.tgz",
      "integrity": "sha512-rK6GpmMt/mU6MPuav0/M7hJ/3t8HbKPCELw/Uqhi4732xoq2hJ2zbo2FkYs56y6w0KiXrIp4IOwNB9K8L/q62g==",
      "optional": true
    },
    "@next/swc-linux-arm-gnueabihf": {
      "version": "13.2.3",
      "resolved": "https://registry.npmjs.org/@next/swc-linux-arm-gnueabihf/-/swc-linux-arm-gnueabihf-13.2.3.tgz",
      "integrity": "sha512-yeiCp/Odt1UJ4KUE89XkeaaboIDiVFqKP4esvoLKGJ0fcqJXMofj4ad3tuQxAMs3F+qqrz9MclqhAHkex1aPZA==",
      "optional": true
    },
    "@next/swc-linux-arm64-gnu": {
      "version": "13.2.3",
      "resolved": "https://registry.npmjs.org/@next/swc-linux-arm64-gnu/-/swc-linux-arm64-gnu-13.2.3.tgz",
      "integrity": "sha512-/miIopDOUsuNlvjBjTipvoyjjaxgkOuvlz+cIbbPcm1eFvzX2ltSfgMgty15GuOiR8Hub4FeTSiq3g2dmCkzGA==",
      "optional": true
    },
    "@next/swc-linux-arm64-musl": {
      "version": "13.2.3",
      "resolved": "https://registry.npmjs.org/@next/swc-linux-arm64-musl/-/swc-linux-arm64-musl-13.2.3.tgz",
      "integrity": "sha512-sujxFDhMMDjqhruup8LLGV/y+nCPi6nm5DlFoThMJFvaaKr/imhkXuk8uCTq4YJDbtRxnjydFv2y8laBSJVC2g==",
      "optional": true
    },
    "@next/swc-linux-x64-gnu": {
      "version": "13.2.3",
      "resolved": "https://registry.npmjs.org/@next/swc-linux-x64-gnu/-/swc-linux-x64-gnu-13.2.3.tgz",
      "integrity": "sha512-w5MyxPknVvC9LVnMenAYMXMx4KxPwXuJRMQFvY71uXg68n7cvcas85U5zkdrbmuZ+JvsO5SIG8k36/6X3nUhmQ==",
      "optional": true
    },
    "@next/swc-linux-x64-musl": {
      "version": "13.2.3",
      "resolved": "https://registry.npmjs.org/@next/swc-linux-x64-musl/-/swc-linux-x64-musl-13.2.3.tgz",
      "integrity": "sha512-CTeelh8OzSOVqpzMFMFnVRJIFAFQoTsI9RmVJWW/92S4xfECGcOzgsX37CZ8K982WHRzKU7exeh7vYdG/Eh4CA==",
      "optional": true
    },
    "@next/swc-win32-arm64-msvc": {
      "version": "13.2.3",
      "resolved": "https://registry.npmjs.org/@next/swc-win32-arm64-msvc/-/swc-win32-arm64-msvc-13.2.3.tgz",
      "integrity": "sha512-7N1KBQP5mo4xf52cFCHgMjzbc9jizIlkTepe9tMa2WFvEIlKDfdt38QYcr9mbtny17yuaIw02FXOVEytGzqdOQ==",
      "optional": true
    },
    "@next/swc-win32-ia32-msvc": {
      "version": "13.2.3",
      "resolved": "https://registry.npmjs.org/@next/swc-win32-ia32-msvc/-/swc-win32-ia32-msvc-13.2.3.tgz",
      "integrity": "sha512-LzWD5pTSipUXTEMRjtxES/NBYktuZdo7xExJqGDMnZU8WOI+v9mQzsmQgZS/q02eIv78JOCSemqVVKZBGCgUvA==",
      "optional": true
    },
    "@next/swc-win32-x64-msvc": {
      "version": "13.2.3",
      "resolved": "https://registry.npmjs.org/@next/swc-win32-x64-msvc/-/swc-win32-x64-msvc-13.2.3.tgz",
      "integrity": "sha512-aLG2MaFs4y7IwaMTosz2r4mVbqRyCnMoFqOcmfTi7/mAS+G4IMH0vJp4oLdbshqiVoiVuKrAfqtXj55/m7Qu1Q==",
      "optional": true
    }
  }
}
